github.com/Wifx/gonetworkmanager/v2 v2.1.0 h1:2PNs7P6wgOyc57YK7AKMwNxGCLvWU6zFBXoEILV4at8=
github.com/Wifx/gonetworkmanager/v2 v2.1.0/go.mod h1:fMDb//SHsKWxyDUAwXvCqurV3npbIyyaQWenGpZ/uXg=
github.com/godbus/dbus/v5 v5.1.0 h1:4KLkAxT3aOY8Li4FRJe/KvhoNFFxo0m6fNuFUO8QJUk=
github.com/godbus/dbus/v5 v5.1.0/go.mod h1:xhWf0FNVPg57R7Z0UbKHbJfkEywrmjJnf7w5xrFpKfA=
github.com/google/uuid v1.3.0/go.mod h1:TIyPZe4MgqvfeYDBFedMoGGpEw/LqOeaOT+nhxU+yHo=
